{
    "name": "game",
    "requires": true,
    "lockfileVersion": 1,
    "dependencies": {
        "@types/pixi.js": {
            "version": "4.8.6",
            "resolved": "https://registry.npmjs.org/@types/pixi.js/-/pixi.js-4.8.6.tgz",
            "integrity": "sha512-70PcmzoHG723nMLx7OzMM7xoH8EnJfVVQmh1WQgXGaXdU9ygq3VlsXLRt/g6Z124abKDvmzg3hfRpA8CvBp2eA==",
            "dev": true
        },
        "papaparse": {
            "version": "4.6.3",
            "resolved": "https://registry.npmjs.org/papaparse/-/papaparse-4.6.3.tgz",
            "integrity": "sha512-LRq7BrHC2kHPBYSD50aKuw/B/dGcg29omyJbKWY3KsYUZU69RKwaBHu13jGmCYBtOc4odsLCrFyk6imfyNubJQ=="
        }
    }
}
