{
    "name": "game",
    "requires": true,
    "lockfileVersion": 1,
    "dependencies": {
        "@types/gsap": {
            "version": "1.20.2",
            "resolved": "https://registry.npmjs.org/@types/gsap/-/gsap-1.20.2.tgz",
            "integrity": "sha512-i9nUsnS32+VTgoX5IlaCYukJpCoB3c6h3bZvO67aIRdb3z8NFTWgeUDpQutLyb1ujowp6nw37qLQNvEowqq8yw=="
        },
        "@types/pixi.js": {
            "version": "4.8.6",
            "resolved": "https://registry.npmjs.org/@types/pixi.js/-/pixi.js-4.8.6.tgz",
            "integrity": "sha512-70PcmzoHG723nMLx7OzMM7xoH8EnJfVVQmh1WQgXGaXdU9ygq3VlsXLRt/g6Z124abKDvmzg3hfRpA8CvBp2eA==",
            "dev": true
        },
        "gsap": {
            "version": "2.1.2",
            "resolved": "https://registry.npmjs.org/gsap/-/gsap-2.1.2.tgz",
            "integrity": "sha512-7saMzK2HQ3OD4/hbygtkh0uAK8LUqcom6abL4YqGttyxAQdEvywQOw5VK3obKQ7GaLU8KhszArKJPxIKe8mbvg=="
        },
        "papaparse": {
            "version": "4.6.3",
            "resolved": "https://registry.npmjs.org/papaparse/-/papaparse-4.6.3.tgz",
            "integrity": "sha512-LRq7BrHC2kHPBYSD50aKuw/B/dGcg29omyJbKWY3KsYUZU69RKwaBHu13jGmCYBtOc4odsLCrFyk6imfyNubJQ=="
        },
        "pixi-sound": {
            "version": "2.1.0",
            "resolved": "https://registry.npmjs.org/pixi-sound/-/pixi-sound-2.1.0.tgz",
            "integrity": "sha512-J3VtaOaWOnxdE3ynWjFpyecyN+fuxw16yiK/Oy1ZtdBoUDh3gM8oOPjMCXjSYyDIhEOUF+uJD8tZ/kopsZ/wvw=="
        }
    }
}
