{
    "name": "game",
    "requires": true,
    "lockfileVersion": 1,
    "dependencies": {
        "@pixi/accessibility": {
            "version": "5.0.0-rc.2",
            "resolved": "https://registry.npmjs.org/@pixi/accessibility/-/accessibility-5.0.0-rc.2.tgz",
            "integrity": "sha512-e9HUD1akzqOumSJQYiP2YYDNexQDBuTcnqB7X6xff/MiqPAUiBhiLvS4SdryC8egXbJltva5IW+VecW0020mAA==",
            "requires": {
                "@pixi/core": "^5.0.0-rc.2",
                "@pixi/display": "^5.0.0-rc.2",
                "@pixi/utils": "^5.0.0-rc.2",
                "ismobilejs": "^0.5.1"
            }
        },
        "@pixi/app": {
            "version": "5.0.0-rc.2",
            "resolved": "https://registry.npmjs.org/@pixi/app/-/app-5.0.0-rc.2.tgz",
            "integrity": "sha512-THJg/45IgPjdUrmE+KkDQ3ewckKE01FlrzrXEn3JsCDfHop0594r5g0Ocu6CqiwiN3XUQ5vf+atEKpxbI/QqIw==",
            "requires": {
                "@pixi/core": "^5.0.0-rc.2",
                "@pixi/display": "^5.0.0-rc.2",
                "@pixi/settings": "^5.0.0-rc.2"
            }
        },
        "@pixi/canvas-renderer": {
            "version": "5.0.0-rc.2",
            "resolved": "https://registry.npmjs.org/@pixi/canvas-renderer/-/canvas-renderer-5.0.0-rc.2.tgz",
            "integrity": "sha512-vpmPTyytDa4ExO+uvIRWy/A7v7hRrqUF3PlAWJHTfFJ9zwiEytbwXjlFXNi906xohEnRSbCV3u2Vp3ajgDWBJA==",
            "requires": {
                "@pixi/constants": "^5.0.0-rc.2",
                "@pixi/core": "^5.0.0-rc.2",
                "@pixi/math": "^5.0.0-rc.2",
                "@pixi/settings": "^5.0.0-rc.2",
                "@pixi/utils": "^5.0.0-rc.2"
            }
        },
        "@pixi/constants": {
            "version": "5.0.0-rc.2",
            "resolved": "https://registry.npmjs.org/@pixi/constants/-/constants-5.0.0-rc.2.tgz",
            "integrity": "sha512-B35/biTYLCXNHXkG0111ohLUU7UShf0pMye5QZJ6x8T5S7fQYM/Ujz8WyhhrvDWNT8MAkZxp9VLvwZByOqMVgQ==",
            "requires": {
                "ismobilejs": "^0.5.1"
            }
        },
        "@pixi/core": {
            "version": "5.0.0-rc.2",
            "resolved": "https://registry.npmjs.org/@pixi/core/-/core-5.0.0-rc.2.tgz",
            "integrity": "sha512-wbV4mu6AsnLJLi2poYJrnM5tCPKRcDtrqgxekLkpNbnTQS/i7GVQ4hWz61K3qcFtG+66zdWwIV68bGKIKLkMRw==",
            "requires": {
                "@pixi/constants": "^5.0.0-rc.2",
                "@pixi/display": "^5.0.0-rc.2",
                "@pixi/math": "^5.0.0-rc.2",
                "@pixi/settings": "^5.0.0-rc.2",
                "@pixi/ticker": "^5.0.0-rc.2",
                "@pixi/utils": "^5.0.0-rc.2",
                "eventemitter3": "^2.0.0",
                "ismobilejs": "^0.5.1",
                "mini-runner": "^1.0.1"
            }
        },
        "@pixi/display": {
            "version": "5.0.0-rc.2",
            "resolved": "https://registry.npmjs.org/@pixi/display/-/display-5.0.0-rc.2.tgz",
            "integrity": "sha512-dIWJTkXAMnufOB1DLi14YabMYJH4loUQtoWzPMR4DZq6Uftw9QczdcYBZk0L19VV7B9caLHzefqMKVDzgp2ZtA==",
            "requires": {
                "@pixi/math": "^5.0.0-rc.2",
                "@pixi/settings": "^5.0.0-rc.2",
                "@pixi/utils": "^5.0.0-rc.2",
                "eventemitter3": "^2.0.0",
                "remove-array-items": "^1.0.0"
            }
        },
        "@pixi/extract": {
            "version": "5.0.0-rc.2",
            "resolved": "https://registry.npmjs.org/@pixi/extract/-/extract-5.0.0-rc.2.tgz",
            "integrity": "sha512-+7d8caumW1XbYU2nvmo0g44SlvlTqz+55zN9KUfJW/cH8pd2JfLIQTOBLRr0nKKlB9SXmZiRdgc4gYlrr+FzSw==",
            "requires": {
                "@pixi/core": "^5.0.0-rc.2",
                "@pixi/math": "^5.0.0-rc.2",
                "@pixi/utils": "^5.0.0-rc.2"
            }
        },
        "@pixi/filter-adjustment": {
            "version": "2.7.0",
            "resolved": "https://registry.npmjs.org/@pixi/filter-adjustment/-/filter-adjustment-2.7.0.tgz",
            "integrity": "sha512-PZj8usw+Ven4PlEjC4ET3ZxBt+qpNEeLCPpv2zF9MyeECZRPPR/fNNDaEKNnjzVTE6Yhv201fTSzkDOWw5fEwA=="
        },
        "@pixi/filter-advanced-bloom": {
            "version": "2.7.0",
            "resolved": "https://registry.npmjs.org/@pixi/filter-advanced-bloom/-/filter-advanced-bloom-2.7.0.tgz",
            "integrity": "sha512-aMfSH3zOC7q2GWCvn2CXT/UIGBqUdMtidNneCBMggOnXGuGYU/an2mBNstxl68db76+RBuPvBpqbVBsLIJULXA==",
            "requires": {
                "@pixi/filter-kawase-blur": "^2.7.0"
            }
        },
        "@pixi/filter-alpha": {
            "version": "5.0.0-rc.2",
            "resolved": "https://registry.npmjs.org/@pixi/filter-alpha/-/filter-alpha-5.0.0-rc.2.tgz",
            "integrity": "sha512-gHaEwl8DqBprInhPi4o84c4WESGeNRWkh0DMKbtLJGb4O53gB2I1YAeon2vPI+EiFqVYwH4e+YMM0Uk5Z5Lizw==",
            "requires": {
                "@pixi/core": "^5.0.0-rc.2",
                "@pixi/fragments": "^5.0.0-rc.2"
            }
        },
        "@pixi/filter-ascii": {
            "version": "2.7.0",
            "resolved": "https://registry.npmjs.org/@pixi/filter-ascii/-/filter-ascii-2.7.0.tgz",
            "integrity": "sha512-TX3tD8PaVFHUTJHzhQHemQAzpRdvJXDeDYnYIFGleHoE5anmoQyweRo1lk3h74hiRnv9YMH/x3eaGBqL//GN5g=="
        },
        "@pixi/filter-bevel": {
            "version": "2.7.0",
            "resolved": "https://registry.npmjs.org/@pixi/filter-bevel/-/filter-bevel-2.7.0.tgz",
            "integrity": "sha512-lyhbh8xKBreq2blTGD3YUd0bVAkvgXwAMFjH8HJJzn4viqGdIBEHeCKBtAoTosZiOOQmrD0hXRuEH09vkrmL6Q=="
        },
        "@pixi/filter-bloom": {
            "version": "2.7.0",
            "resolved": "https://registry.npmjs.org/@pixi/filter-bloom/-/filter-bloom-2.7.0.tgz",
            "integrity": "sha512-ZGtpQf3jRbvjr915hilFBTUSECTlbhZID0OcWeV5LBBeuOFrrHO7d9xBLpevbP+H/5/6wXpx29BDA0q7aCsK+A=="
        },
        "@pixi/filter-blur": {
            "version": "5.0.0-rc.2",
            "resolved": "https://registry.npmjs.org/@pixi/filter-blur/-/filter-blur-5.0.0-rc.2.tgz",
            "integrity": "sha512-SWghcN+4E2Gag+5Uy99tJ2bpBM6wh5bjy+VPxgHFAwigQbFbLI02bka9sS5jv7flDYatAPwyZurRgpu7/EKTmg==",
            "requires": {
                "@pixi/core": "^5.0.0-rc.2",
                "@pixi/settings": "^5.0.0-rc.2"
            }
        },
        "@pixi/filter-bulge-pinch": {
            "version": "2.7.0",
            "resolved": "https://registry.npmjs.org/@pixi/filter-bulge-pinch/-/filter-bulge-pinch-2.7.0.tgz",
            "integrity": "sha512-H3ICDm/590XT67QfLnAMeHRcqy38cTlzhDvpC+UK130DU4I8IxuuIrc8zO2V5a/0zGDKMWnNp9l1xoRUptud1Q=="
        },
        "@pixi/filter-color-map": {
            "version": "2.7.0",
            "resolved": "https://registry.npmjs.org/@pixi/filter-color-map/-/filter-color-map-2.7.0.tgz",
            "integrity": "sha512-Yz1pYi5RGL9NR0DMPqd1+i61yegEhh06ipLMRyLRpi+PGaG3kSYTib1gQByKEgAW4DTJlgSz1WLCqF2PRjlMEw=="
        },
        "@pixi/filter-color-matrix": {
            "version": "5.0.0-rc.2",
            "resolved": "https://registry.npmjs.org/@pixi/filter-color-matrix/-/filter-color-matrix-5.0.0-rc.2.tgz",
            "integrity": "sha512-FCgNivruRl+Z+D0VfDO7rGymo7EkUp/TU9TeVenRN6CnvYNSwGidzJlo4fQwFJ5zGLbIgRNwz8JfoUW1k9GX9Q==",
            "requires": {
                "@pixi/core": "^5.0.0-rc.2",
                "@pixi/fragments": "^5.0.0-rc.2"
            }
        },
        "@pixi/filter-color-replace": {
            "version": "2.7.0",
            "resolved": "https://registry.npmjs.org/@pixi/filter-color-replace/-/filter-color-replace-2.7.0.tgz",
            "integrity": "sha512-QLimj1Y8kPRZAB3dE1ZtbG/hWxHn+PzRgnk4RQE8Pa1G5h92yVgfGIO+JbFVW6nRZx6/qm3nArD4Z6O639YGaQ=="
        },
        "@pixi/filter-convolution": {
            "version": "2.7.0",
            "resolved": "https://registry.npmjs.org/@pixi/filter-convolution/-/filter-convolution-2.7.0.tgz",
            "integrity": "sha512-3CbUCC/KwTafuPG5dWvDsMScvwJiTC1U0ggUSkQNOxc/Fnr0KpO+BEVPNU5IPz0R+5JnQIlor1Eoe7xGEitC6Q=="
        },
        "@pixi/filter-cross-hatch": {
            "version": "2.7.0",
            "resolved": "https://registry.npmjs.org/@pixi/filter-cross-hatch/-/filter-cross-hatch-2.7.0.tgz",
            "integrity": "sha512-XZICIHWGrv/UbtA9Q4QqIJln8AEDVYnkGuC+Z1QV79guEycizNDsRZGvw4LdfOzTpr9wxxuJMwt09VN3pC27zw=="
        },
        "@pixi/filter-crt": {
            "version": "2.7.0",
            "resolved": "https://registry.npmjs.org/@pixi/filter-crt/-/filter-crt-2.7.0.tgz",
            "integrity": "sha512-4F6XIGniwPQkR2vc9XyaQAzauQ66GBvyUfX4raa2+ufhpVx+I2HPiSQYEBT6hahQgM0q5A/fThgjwSGAcVjHhw=="
        },
        "@pixi/filter-displacement": {
            "version": "5.0.0-rc.2",
            "resolved": "https://registry.npmjs.org/@pixi/filter-displacement/-/filter-displacement-5.0.0-rc.2.tgz",
            "integrity": "sha512-EYPxI78llL3yom3MToEz+BwPb1dIrW1F5sKR+HBq87ngClsR/BugQ/mxsmMhiLRvqt7ZyzMQEy/1nQENUzy/8w==",
            "requires": {
                "@pixi/core": "^5.0.0-rc.2",
                "@pixi/math": "^5.0.0-rc.2"
            }
        },
        "@pixi/filter-dot": {
            "version": "2.7.0",
            "resolved": "https://registry.npmjs.org/@pixi/filter-dot/-/filter-dot-2.7.0.tgz",
            "integrity": "sha512-PP1RSihkoZDTP9def4QNQrLbGtkAxLFIDY+UysNxKo97CHTiTwOIVJD97lPF9HXCWP959f+bsHo0OCh60t5nTg=="
        },
        "@pixi/filter-drop-shadow": {
            "version": "2.7.0",
            "resolved": "https://registry.npmjs.org/@pixi/filter-drop-shadow/-/filter-drop-shadow-2.7.0.tgz",
            "integrity": "sha512-4AIYZuIF9oGvQYpHEc4UoQejLjMI8jEySKTBxULjLaMlR/DuDH7zUVXll4oX2baA6wliUWU04ljWvKf3mJwfAA==",
            "requires": {
                "@pixi/filter-kawase-blur": "^2.7.0"
            }
        },
        "@pixi/filter-emboss": {
            "version": "2.7.0",
            "resolved": "https://registry.npmjs.org/@pixi/filter-emboss/-/filter-emboss-2.7.0.tgz",
            "integrity": "sha512-u9J5pscppSTIhkbJZMLpFj7pAHggvifYFiK7ET7WlA2jHn78XkvFItEz3+ZeqypqbiP7V5mefGRlIHR2WrOZww=="
        },
        "@pixi/filter-fxaa": {
            "version": "5.0.0-rc.2",
            "resolved": "https://registry.npmjs.org/@pixi/filter-fxaa/-/filter-fxaa-5.0.0-rc.2.tgz",
            "integrity": "sha512-LnthMsrnpHOaM6Nmu9BE3eaWiReqr8T/7SQbcyZFAq8smv4j/4//qDJHFoF4fWTEzcwRdVgAADc2DBMCsLirrw==",
            "requires": {
                "@pixi/core": "^5.0.0-rc.2"
            }
        },
        "@pixi/filter-glitch": {
            "version": "2.7.0",
            "resolved": "https://registry.npmjs.org/@pixi/filter-glitch/-/filter-glitch-2.7.0.tgz",
            "integrity": "sha512-d7/cIPFs5Rowi3KfW9Xw8MJLFxu/hiDdvXnW22gxpvdBpI5q2TSA9Bl3a5SNwCHKzCQ38pCQcqrd6JEqSKr/Jw=="
        },
        "@pixi/filter-glow": {
            "version": "2.7.0",
            "resolved": "https://registry.npmjs.org/@pixi/filter-glow/-/filter-glow-2.7.0.tgz",
            "integrity": "sha512-WmopMMAc17hQLWue3mrnGzlBJklVW5Q9OZXtZ/ffGsSadq3Bj9IqvndOvvLVrTLfFG9H63gjSAFkJQ4wYsGscw=="
        },
        "@pixi/filter-godray": {
            "version": "2.7.0",
            "resolved": "https://registry.npmjs.org/@pixi/filter-godray/-/filter-godray-2.7.0.tgz",
            "integrity": "sha512-ZAPFFx+qU7Dv6PL+d9MRd/N9D2a1+5VCfbGiJntkVsancP+ZkeJxJhHiyaghPcgDn+fAkn4X9OG6b9VmtUtrGA=="
        },
        "@pixi/filter-kawase-blur": {
            "version": "2.7.0",
            "resolved": "https://registry.npmjs.org/@pixi/filter-kawase-blur/-/filter-kawase-blur-2.7.0.tgz",
            "integrity": "sha512-OVXCK4S4R7oxQVK1zfibuwfTbrDEsmT81vxo6avQ2l5dp4Lr9AMJX7mER1d7iPsVl2WP7CpG8Vhm3h1hAZRGYQ=="
        },
        "@pixi/filter-motion-blur": {
            "version": "2.7.0",
            "resolved": "https://registry.npmjs.org/@pixi/filter-motion-blur/-/filter-motion-blur-2.7.0.tgz",
            "integrity": "sha512-pBwcPO7oYmWprLPa7jII3RWzVW/n1cxiQJXYxUsqWgpw/26TocUOXTUY5yfsRyhXiOmJ13WICKslhsNEEk4wXg=="
        },
        "@pixi/filter-multi-color-replace": {
            "version": "2.7.0",
            "resolved": "https://registry.npmjs.org/@pixi/filter-multi-color-replace/-/filter-multi-color-replace-2.7.0.tgz",
            "integrity": "sha512-WM7teXpWHZOC9/XonwbNC2g29ACaWCf1UxrPW+9hqiqNOByrot3fl8JZ04oeEEzJ8t+0MsE5KYIKYZA2TbPK5A=="
        },
        "@pixi/filter-noise": {
            "version": "5.0.0-rc.2",
            "resolved": "https://registry.npmjs.org/@pixi/filter-noise/-/filter-noise-5.0.0-rc.2.tgz",
            "integrity": "sha512-+yoq9FadWrCpmo6Szwa/1jOPOAA7BH4Dmfo2I7VziAS2eCMurwK8VrxCARYl/bLOFpAS4SDLs9IITvN7hFQU3w==",
            "requires": {
                "@pixi/core": "^5.0.0-rc.2",
                "@pixi/fragments": "^5.0.0-rc.2"
            }
        },
        "@pixi/filter-old-film": {
            "version": "2.7.0",
            "resolved": "https://registry.npmjs.org/@pixi/filter-old-film/-/filter-old-film-2.7.0.tgz",
            "integrity": "sha512-aSRpuaxlOmBLUYKrGviTKCb2P/ZPkjCaSMruVdGU3mHhcZQ794B00Ph8o28J9MILS7RLB3y79Xcqb3nnVdFbGg=="
        },
        "@pixi/filter-outline": {
            "version": "2.7.0",
            "resolved": "https://registry.npmjs.org/@pixi/filter-outline/-/filter-outline-2.7.0.tgz",
            "integrity": "sha512-6705gF8hUt3J6IUf+p/9Rbj4bthFrkh2TFBEGiaShEQEwHUP3N2l1/41yWhcFuJFNpaoeFKaL9CFZpJ0ttuOSA=="
        },
        "@pixi/filter-pixelate": {
            "version": "2.7.0",
            "resolved": "https://registry.npmjs.org/@pixi/filter-pixelate/-/filter-pixelate-2.7.0.tgz",
            "integrity": "sha512-Y/+9+xeOsCeY4iZP1Py62mZpOY2Xj4+EV/3zCHs20kR+PUGS7AJ+1D1aU4gLhk+OQhLEmdXg8Da/gsUucj9xCg=="
        },
        "@pixi/filter-radial-blur": {
            "version": "2.7.0",
            "resolved": "https://registry.npmjs.org/@pixi/filter-radial-blur/-/filter-radial-blur-2.7.0.tgz",
            "integrity": "sha512-E8k0FPKt0YATI9hr3Q/vce/zllWEiPS8UTcgiE751K8fUfYkFQ14aq3Vf0b+gmKN3UKBG+C0d+C7WIgQzhQIyw=="
        },
        "@pixi/filter-reflection": {
            "version": "2.7.0",
            "resolved": "https://registry.npmjs.org/@pixi/filter-reflection/-/filter-reflection-2.7.0.tgz",
            "integrity": "sha512-c1aKlfVbfnKdK6tilpciCfKHetaQgRGcKVi+WhV+tU/SxTh1DVJvgYuntQfyGgxBCceKYsrC9WTtBlG5jCM6aA=="
        },
        "@pixi/filter-rgb-split": {
            "version": "2.7.0",
            "resolved": "https://registry.npmjs.org/@pixi/filter-rgb-split/-/filter-rgb-split-2.7.0.tgz",
            "integrity": "sha512-fPghDxH3Ocjuow/csJozyxkxHzzVNGw5JorZlWtm0KcICSNt3RJKLexKlqihPRFo5dR47nOFg/wj6HweWo7rjQ=="
        },
        "@pixi/filter-shockwave": {
            "version": "2.7.0",
            "resolved": "https://registry.npmjs.org/@pixi/filter-shockwave/-/filter-shockwave-2.7.0.tgz",
            "integrity": "sha512-6m9swwRUgb32WCKRWo8G+uBajyNkfHMFkhUjtPBJJqDJadjy276nXtoTNkuyPU6xm6yqNnQE5REAJltwUl5xRQ=="
        },
        "@pixi/filter-simple-lightmap": {
            "version": "2.7.0",
            "resolved": "https://registry.npmjs.org/@pixi/filter-simple-lightmap/-/filter-simple-lightmap-2.7.0.tgz",
            "integrity": "sha512-gF20Fc1Evl51KrBHcgavOuqceG+Z2zoYHi++tKHr7e5BdOWZYAY5paK8kCDNSkZ3A/vo8/+r0pTSg8JLskMd7Q=="
        },
        "@pixi/filter-tilt-shift": {
            "version": "2.7.0",
            "resolved": "https://registry.npmjs.org/@pixi/filter-tilt-shift/-/filter-tilt-shift-2.7.0.tgz",
            "integrity": "sha512-LJ/GrJKDMoquMBy/pWS6BuYQiH6HdIZsmbkPBZ+6CvMsUOgwZx2alS1KQ9w0gNuExCyts0G4Nfss3MsUUFeQeg=="
        },
        "@pixi/filter-twist": {
            "version": "2.7.0",
            "resolved": "https://registry.npmjs.org/@pixi/filter-twist/-/filter-twist-2.7.0.tgz",
            "integrity": "sha512-WFBi2+yZwGPh6mo4cSijs8+AFC+mpnPg6ENfOefGjLTczP3IIhjwCsYYSKOesJY8OZ/pYYqBkFb3vDqMMuyHtA=="
        },
        "@pixi/filter-zoom-blur": {
            "version": "2.7.0",
            "resolved": "https://registry.npmjs.org/@pixi/filter-zoom-blur/-/filter-zoom-blur-2.7.0.tgz",
            "integrity": "sha512-m64jGei+C+Ndbi+B9twwWg3yk98x0gPBTqcFmagiJsAIf/LQYK5tP2l8ROJu/5OXlPE6WcVIKaf3VByaZ6kiWQ=="
        },
        "@pixi/fragments": {
            "version": "5.0.0-rc.2",
            "resolved": "https://registry.npmjs.org/@pixi/fragments/-/fragments-5.0.0-rc.2.tgz",
            "integrity": "sha512-8wAeVeanyA1JYgBrH1HypnflL8n/vEHuJpzN7L1ELL40TynhAE9ukpOnGnjyk635umY6Fay0IZxzWAIIP+wdyw==",
            "requires": {
                "@pixi/core": "^5.0.0-rc.2"
            }
        },
        "@pixi/graphics": {
            "version": "5.0.0-rc.2",
            "resolved": "https://registry.npmjs.org/@pixi/graphics/-/graphics-5.0.0-rc.2.tgz",
            "integrity": "sha512-0yT4JQ09MH0cjmjb9D/iunk0gRMeWhNsZRx/7C3TV2fqmlPkS1z+TE+/doPLMURggpMnaiD8IzEQbFu8jAxGoA==",
            "requires": {
                "@pixi/constants": "^5.0.0-rc.2",
                "@pixi/core": "^5.0.0-rc.2",
                "@pixi/display": "^5.0.0-rc.2",
                "@pixi/math": "^5.0.0-rc.2",
                "@pixi/sprite": "^5.0.0-rc.2",
                "@pixi/utils": "^5.0.0-rc.2"
            }
        },
        "@pixi/interaction": {
            "version": "5.0.0-rc.2",
            "resolved": "https://registry.npmjs.org/@pixi/interaction/-/interaction-5.0.0-rc.2.tgz",
            "integrity": "sha512-IAR95ZEAAaL1cktGotpx3Op74ZCqPmfDK1k8JUHihHsS7ylPAiBIY7uAq3CL8lHtqi3/WLVK+ofa6+dNQ9mcSw==",
            "requires": {
                "@pixi/core": "^5.0.0-rc.2",
                "@pixi/display": "^5.0.0-rc.2",
                "@pixi/math": "^5.0.0-rc.2",
                "@pixi/ticker": "^5.0.0-rc.2",
                "@pixi/utils": "^5.0.0-rc.2",
                "eventemitter3": "^2.0.0"
            }
        },
        "@pixi/loaders": {
            "version": "5.0.0-rc.2",
            "resolved": "https://registry.npmjs.org/@pixi/loaders/-/loaders-5.0.0-rc.2.tgz",
            "integrity": "sha512-/PgWcmfTHHUpLj8Vy9q2+93SU4sC/IX74ZK32sw+P5Ny45zk+xBHIyQK18OxS+dEy1m5iRxSv4FglRA3HqsHaw==",
            "requires": {
                "@pixi/core": "^5.0.0-rc.2",
                "@pixi/utils": "^5.0.0-rc.2",
                "eventemitter3": "^2.0.0",
                "resource-loader": "^2.2.3"
            }
        },
        "@pixi/math": {
            "version": "5.0.0-rc.2",
            "resolved": "https://registry.npmjs.org/@pixi/math/-/math-5.0.0-rc.2.tgz",
            "integrity": "sha512-F3b/j6Y6gTSRt2L33VsRs/D6mvHKGRQ10mbYC5XF9eQH9wKJRtGenwVlEtXcmZ/aJDw2vRLZYqvRsHTRj8nPeA=="
        },
        "@pixi/mesh": {
            "version": "5.0.0-rc.2",
            "resolved": "https://registry.npmjs.org/@pixi/mesh/-/mesh-5.0.0-rc.2.tgz",
            "integrity": "sha512-xB+KgX06yLD2t/H65baEgwNjA+kCzvOVcG4xfBvFhL1uM+tPP86xn6xc6qI/CB4+0N5KfKEcvXM0n/Lkh7yD4w==",
            "requires": {
                "@pixi/constants": "^5.0.0-rc.2",
                "@pixi/core": "^5.0.0-rc.2",
                "@pixi/display": "^5.0.0-rc.2",
                "@pixi/math": "^5.0.0-rc.2",
                "@pixi/settings": "^5.0.0-rc.2",
                "@pixi/utils": "^5.0.0-rc.2"
            }
        },
        "@pixi/mesh-extras": {
            "version": "5.0.0-rc.2",
            "resolved": "https://registry.npmjs.org/@pixi/mesh-extras/-/mesh-extras-5.0.0-rc.2.tgz",
            "integrity": "sha512-x13/LLgrGI4ErMSyB+Smng6u8ZcSTBvwGrr83XEhidG9dUER0iEzsKwYKQIpEmneWraXhaHnVWlQQTRhq9J9XQ==",
            "requires": {
                "@pixi/constants": "^5.0.0-rc.2",
                "@pixi/core": "^5.0.0-rc.2",
                "@pixi/math": "^5.0.0-rc.2",
                "@pixi/mesh": "^5.0.0-rc.2",
                "@pixi/utils": "^5.0.0-rc.2"
            }
        },
        "@pixi/mixin-cache-as-bitmap": {
            "version": "5.0.0-rc.2",
            "resolved": "https://registry.npmjs.org/@pixi/mixin-cache-as-bitmap/-/mixin-cache-as-bitmap-5.0.0-rc.2.tgz",
            "integrity": "sha512-EW64kITg+YMhVwtJXdBU+gHtfQJmMWopjlVWmYOyXmCGuxfQcLw7qoFa6UZnwFdces5F8Pq8Sl02NMtr3RWTMQ==",
            "requires": {
                "@pixi/core": "^5.0.0-rc.2",
                "@pixi/display": "^5.0.0-rc.2",
                "@pixi/math": "^5.0.0-rc.2",
                "@pixi/settings": "^5.0.0-rc.2",
                "@pixi/sprite": "^5.0.0-rc.2",
                "@pixi/utils": "^5.0.0-rc.2"
            }
        },
        "@pixi/mixin-get-child-by-name": {
            "version": "5.0.0-rc.2",
            "resolved": "https://registry.npmjs.org/@pixi/mixin-get-child-by-name/-/mixin-get-child-by-name-5.0.0-rc.2.tgz",
            "integrity": "sha512-IAkKeXs/6fjqyjUi7myuFXLsrUldANdf9ZQqWkFGHe2PBVqf26jSCiZwrCa8/T1+2Bus0DfRVrU43k/bzXLl3g==",
            "requires": {
                "@pixi/display": "^5.0.0-rc.2"
            }
        },
        "@pixi/mixin-get-global-position": {
            "version": "5.0.0-rc.2",
            "resolved": "https://registry.npmjs.org/@pixi/mixin-get-global-position/-/mixin-get-global-position-5.0.0-rc.2.tgz",
            "integrity": "sha512-pTIO4GTRjYkQW/0ymWTX2FJNe/Q8C4qW9Zw1NrSk2sI980y93Ncw61RosU5U6pegzTC5DOnyr6jE4H5+i9hpPw==",
            "requires": {
                "@pixi/display": "^5.0.0-rc.2",
                "@pixi/math": "^5.0.0-rc.2"
            }
        },
        "@pixi/particles": {
            "version": "5.0.0-rc.2",
            "resolved": "https://registry.npmjs.org/@pixi/particles/-/particles-5.0.0-rc.2.tgz",
            "integrity": "sha512-735BOPrJyDMCdjlHURFw903sQXEtRF46YSPQPz+sU0cbdQ6MGejgz6cmmVQRO+Xh+aY0QJDSXmfL7VE7fTNB6w==",
            "requires": {
                "@pixi/constants": "^5.0.0-rc.2",
                "@pixi/core": "^5.0.0-rc.2",
                "@pixi/display": "^5.0.0-rc.2",
                "@pixi/math": "^5.0.0-rc.2",
                "@pixi/utils": "^5.0.0-rc.2"
            }
        },
        "@pixi/prepare": {
            "version": "5.0.0-rc.2",
            "resolved": "https://registry.npmjs.org/@pixi/prepare/-/prepare-5.0.0-rc.2.tgz",
            "integrity": "sha512-vXlmX5kSOk9LrSYThMe6dpVGPpVR4ohtcsBCk37cjg5n7vKVMeQB8KOUJ2VBsXvO0fK5ZjCv40I+3Fck4darsg==",
            "requires": {
                "@pixi/canvas-renderer": "^5.0.0-rc.2",
                "@pixi/core": "^5.0.0-rc.2",
                "@pixi/display": "^5.0.0-rc.2",
                "@pixi/graphics": "^5.0.0-rc.2",
                "@pixi/settings": "^5.0.0-rc.2",
                "@pixi/text": "^5.0.0-rc.2",
                "@pixi/ticker": "^5.0.0-rc.2"
            }
        },
        "@pixi/settings": {
            "version": "5.0.0-rc.2",
            "resolved": "https://registry.npmjs.org/@pixi/settings/-/settings-5.0.0-rc.2.tgz",
            "integrity": "sha512-FtZzQJtrw/p0c1cyZO7FVL168IXKW0RkmV6VoE3tCo+388iDmI5hjAXjVBqOLW+R+NzUtP2FcQJy1/DBg5rdww==",
            "requires": {
                "ismobilejs": "^0.5.1"
            }
        },
        "@pixi/sprite": {
            "version": "5.0.0-rc.2",
            "resolved": "https://registry.npmjs.org/@pixi/sprite/-/sprite-5.0.0-rc.2.tgz",
            "integrity": "sha512-DvEQw0GvwhCMIK8xk4IyF3TWlDwlpM3urdEmoxCZicaKCFkgfofb3O5wjIrQNdJ4LqaTysr30rGxW3oX/KOWGQ==",
            "requires": {
                "@pixi/canvas-renderer": "^5.0.0-rc.2",
                "@pixi/constants": "^5.0.0-rc.2",
                "@pixi/core": "^5.0.0-rc.2",
                "@pixi/display": "^5.0.0-rc.2",
                "@pixi/math": "^5.0.0-rc.2",
                "@pixi/settings": "^5.0.0-rc.2",
                "@pixi/utils": "^5.0.0-rc.2"
            }
        },
        "@pixi/sprite-animated": {
            "version": "5.0.0-rc.2",
            "resolved": "https://registry.npmjs.org/@pixi/sprite-animated/-/sprite-animated-5.0.0-rc.2.tgz",
            "integrity": "sha512-H30qqND5Zz+RphrpUiOyMzPBaT8brm8ILM2RQyaTPDp/zKYp/rmExNph6zCqTE3xPKiL59sDHDdlvobydg2wcQ==",
            "requires": {
                "@pixi/core": "^5.0.0-rc.2",
                "@pixi/sprite": "^5.0.0-rc.2",
                "@pixi/ticker": "^5.0.0-rc.2"
            }
        },
        "@pixi/sprite-tiling": {
            "version": "5.0.0-rc.2",
            "resolved": "https://registry.npmjs.org/@pixi/sprite-tiling/-/sprite-tiling-5.0.0-rc.2.tgz",
            "integrity": "sha512-Ffp7b45wOfPBFQhIB2H7OoIJNdbkR/dxGPzdon/II1U/xgiRKIlvwJuoI2qglu5PXYU9p8LyekWmqjySdh97Zw==",
            "requires": {
                "@pixi/constants": "^5.0.0-rc.2",
                "@pixi/core": "^5.0.0-rc.2",
                "@pixi/display": "^5.0.0-rc.2",
                "@pixi/math": "^5.0.0-rc.2",
                "@pixi/sprite": "^5.0.0-rc.2",
                "@pixi/utils": "^5.0.0-rc.2"
            }
        },
        "@pixi/spritesheet": {
            "version": "5.0.0-rc.2",
            "resolved": "https://registry.npmjs.org/@pixi/spritesheet/-/spritesheet-5.0.0-rc.2.tgz",
            "integrity": "sha512-9csCIqFGvpPeEQMjCfO9CvvDJTuVL2DSRUbUgwoiSdHW2H9IjVKloHo4nen/HtHysva2CDBj5nsK4YcLd+FvVA==",
            "requires": {
                "@pixi/core": "^5.0.0-rc.2",
                "@pixi/loaders": "^5.0.0-rc.2",
                "@pixi/math": "^5.0.0-rc.2",
                "@pixi/utils": "^5.0.0-rc.2",
                "url": "^0.11.0"
            }
        },
        "@pixi/text": {
            "version": "5.0.0-rc.2",
            "resolved": "https://registry.npmjs.org/@pixi/text/-/text-5.0.0-rc.2.tgz",
            "integrity": "sha512-03fI91ZtRX0bwc1aBJDqDRLyUOb1ouCJmrn3CuTnxHZQC7kc79g1PbVSeDx3zDLnQXeVBPKcOW6yn68rNWkJkQ==",
            "requires": {
                "@pixi/core": "^5.0.0-rc.2",
                "@pixi/math": "^5.0.0-rc.2",
                "@pixi/settings": "^5.0.0-rc.2",
                "@pixi/sprite": "^5.0.0-rc.2",
                "@pixi/utils": "^5.0.0-rc.2"
            }
        },
        "@pixi/text-bitmap": {
            "version": "5.0.0-rc.2",
            "resolved": "https://registry.npmjs.org/@pixi/text-bitmap/-/text-bitmap-5.0.0-rc.2.tgz",
            "integrity": "sha512-UsdfBrf/nAbW5+9l25uv3K92ClPHxIvsuZ3mjikskk+9kJK7rgbbCsz7vrR1kYFLd9rN9V83fIvGMnM0/9iSoQ==",
            "requires": {
                "@pixi/core": "^5.0.0-rc.2",
                "@pixi/display": "^5.0.0-rc.2",
                "@pixi/loaders": "^5.0.0-rc.2",
                "@pixi/math": "^5.0.0-rc.2",
                "@pixi/settings": "^5.0.0-rc.2",
                "@pixi/sprite": "^5.0.0-rc.2",
                "@pixi/utils": "^5.0.0-rc.2"
            }
        },
        "@pixi/ticker": {
            "version": "5.0.0-rc.2",
            "resolved": "https://registry.npmjs.org/@pixi/ticker/-/ticker-5.0.0-rc.2.tgz",
            "integrity": "sha512-HgEBdytpFfxUYuQb7fMBVD9oMvE0xvodtMr8TEimRJLIf9ApQMS010MgqwFv+0EdYey++8cGKu8ivK6VAmvhyw==",
            "requires": {
                "@pixi/settings": "^5.0.0-rc.2"
            }
        },
        "@pixi/utils": {
            "version": "5.0.0-rc.2",
            "resolved": "https://registry.npmjs.org/@pixi/utils/-/utils-5.0.0-rc.2.tgz",
            "integrity": "sha512-kqQArdJ4tc4dDg06fQG0Cal2tSlFSB7uZdtfFsCm3d70Hd0bhh0IQZ1iP4wY9gpii8bYCeIUAyQMkCdFbYWuDg==",
            "requires": {
                "@pixi/constants": "^5.0.0-rc.2",
                "@pixi/settings": "^5.0.0-rc.2",
                "earcut": "^2.1.3",
                "eventemitter3": "^2.0.0",
                "ismobilejs": "^0.5.1",
                "remove-array-items": "^1.0.0",
                "url": "^0.11.0"
            }
        },
        "@types/pixi.js": {
            "version": "4.8.6",
            "resolved": "https://registry.npmjs.org/@types/pixi.js/-/pixi.js-4.8.6.tgz",
            "integrity": "sha512-70PcmzoHG723nMLx7OzMM7xoH8EnJfVVQmh1WQgXGaXdU9ygq3VlsXLRt/g6Z124abKDvmzg3hfRpA8CvBp2eA=="
        },
        "earcut": {
            "version": "2.1.5",
            "resolved": "https://registry.npmjs.org/earcut/-/earcut-2.1.5.tgz",
            "integrity": "sha512-QFWC7ywTVLtvRAJTVp8ugsuuGQ5mVqNmJ1cRYeLrSHgP3nycr2RHTJob9OtM0v8ujuoKN0NY1a93J/omeTL1PA=="
        },
        "eventemitter3": {
            "version": "2.0.3",
            "resolved": "https://registry.npmjs.org/eventemitter3/-/eventemitter3-2.0.3.tgz",
            "integrity": "sha1-teEHm1n7XhuidxwKmTvgYKWMmbo="
        },
        "ismobilejs": {
            "version": "0.5.1",
            "resolved": "https://registry.npmjs.org/ismobilejs/-/ismobilejs-0.5.1.tgz",
            "integrity": "sha512-QX4STsOcBYqlTjVGuAdP1MiRVxtiUbRHOKH0v7Gn1EvfUVIQnrSdgCM4zB4VCZuIejnb2NUMUx0Bwd3EIG6yyA=="
        },
        "mini-runner": {
            "version": "1.0.1",
            "resolved": "https://registry.npmjs.org/mini-runner/-/mini-runner-1.0.1.tgz",
            "integrity": "sha1-ScThq5i3BZP6A5iFCLqeKaYXZEQ="
        },
        "mini-signals": {
            "version": "1.2.0",
            "resolved": "https://registry.npmjs.org/mini-signals/-/mini-signals-1.2.0.tgz",
            "integrity": "sha1-RbCAE8X65RokqhqTXNMXye1yHXQ="
        },
        "parse-uri": {
            "version": "1.0.0",
            "resolved": "https://registry.npmjs.org/parse-uri/-/parse-uri-1.0.0.tgz",
            "integrity": "sha1-KHLcwi8aeXrN4Vg9igrClVLdrCA="
        },
        "pixi-display": {
            "version": "1.1.1",
            "resolved": "https://registry.npmjs.org/pixi-display/-/pixi-display-1.1.1.tgz",
            "integrity": "sha1-N/jVwQ5OHDmkuoyDMtp2jiD6fwk=",
            "requires": {
                "@types/pixi.js": "^4.3.1"
            }
        },
        "pixi-filters": {
            "version": "2.7.0",
            "resolved": "https://registry.npmjs.org/pixi-filters/-/pixi-filters-2.7.0.tgz",
            "integrity": "sha512-AVAlfrMwGu/WhGRAXNj/GUxCjPoG0Rm7W09v4YcT5XlnFXoTig6TOKJ2onNnNiTFDn3AS1WwxTbzNvFWVClVtA==",
            "requires": {
                "@pixi/filter-adjustment": "^2.7.0",
                "@pixi/filter-advanced-bloom": "^2.7.0",
                "@pixi/filter-ascii": "^2.7.0",
                "@pixi/filter-bevel": "^2.7.0",
                "@pixi/filter-bloom": "^2.7.0",
                "@pixi/filter-bulge-pinch": "^2.7.0",
                "@pixi/filter-color-map": "^2.7.0",
                "@pixi/filter-color-replace": "^2.7.0",
                "@pixi/filter-convolution": "^2.7.0",
                "@pixi/filter-cross-hatch": "^2.7.0",
                "@pixi/filter-crt": "^2.7.0",
                "@pixi/filter-dot": "^2.7.0",
                "@pixi/filter-drop-shadow": "^2.7.0",
                "@pixi/filter-emboss": "^2.7.0",
                "@pixi/filter-glitch": "^2.7.0",
                "@pixi/filter-glow": "^2.7.0",
                "@pixi/filter-godray": "^2.7.0",
                "@pixi/filter-kawase-blur": "^2.7.0",
                "@pixi/filter-motion-blur": "^2.7.0",
                "@pixi/filter-multi-color-replace": "^2.7.0",
                "@pixi/filter-old-film": "^2.7.0",
                "@pixi/filter-outline": "^2.7.0",
                "@pixi/filter-pixelate": "^2.7.0",
                "@pixi/filter-radial-blur": "^2.7.0",
                "@pixi/filter-reflection": "^2.7.0",
                "@pixi/filter-rgb-split": "^2.7.0",
                "@pixi/filter-shockwave": "^2.7.0",
                "@pixi/filter-simple-lightmap": "^2.7.0",
                "@pixi/filter-tilt-shift": "^2.7.0",
                "@pixi/filter-twist": "^2.7.0",
                "@pixi/filter-zoom-blur": "^2.7.0"
            }
        },
        "pixi-lights": {
            "version": "2.0.3",
            "resolved": "https://registry.npmjs.org/pixi-lights/-/pixi-lights-2.0.3.tgz",
            "integrity": "sha512-bKHv7X95R+zWiyHyFT5d1C/1XcNaViRlJ4mNYALyVQZsLVKiGZ73jYVKU9kcj4SzA1lPC8/jrWUNL0kSROny5Q=="
        },
        "pixi-projection": {
            "version": "0.2.6",
            "resolved": "https://registry.npmjs.org/pixi-projection/-/pixi-projection-0.2.6.tgz",
            "integrity": "sha512-nnTJ2KzO9hDrBPm9yVjL499hhvJtCrwqBYJrA4R4vUWfSFaRhMIReUApspTkkGIO6t9kBkuhhMfIqdDUECm5kA==",
            "requires": {
                "@types/pixi.js": "^4.7.1"
            }
        },
        "pixi-spine": {
            "version": "1.5.19",
            "resolved": "https://registry.npmjs.org/pixi-spine/-/pixi-spine-1.5.19.tgz",
            "integrity": "sha512-sF5GlFxqEYNuGau9HAMlgTb0nGcPaSS11PTfDFzLMPUu4GKwKutXKl/+omnKnr7Pi7hztFMgxQhQfJ5tY2fAbA==",
            "requires": {
                "@types/pixi.js": "^4.8.0"
            }
        },
        "pixi.js": {
            "version": "5.0.0-rc.2",
            "resolved": "https://registry.npmjs.org/pixi.js/-/pixi.js-5.0.0-rc.2.tgz",
            "integrity": "sha512-9hKz4S7d9k1imH8a+fyImXUuXEDJR50LtN71HuW7x7eHmfDBoqQYx8Vdn5KA296Lssn6faf5hgM6/JPaZpgiiQ==",
            "requires": {
                "@pixi/accessibility": "^5.0.0-rc.2",
                "@pixi/app": "^5.0.0-rc.2",
                "@pixi/constants": "^5.0.0-rc.2",
                "@pixi/core": "^5.0.0-rc.2",
                "@pixi/display": "^5.0.0-rc.2",
                "@pixi/extract": "^5.0.0-rc.2",
                "@pixi/filter-alpha": "^5.0.0-rc.2",
                "@pixi/filter-blur": "^5.0.0-rc.2",
                "@pixi/filter-color-matrix": "^5.0.0-rc.2",
                "@pixi/filter-displacement": "^5.0.0-rc.2",
                "@pixi/filter-fxaa": "^5.0.0-rc.2",
                "@pixi/filter-noise": "^5.0.0-rc.2",
                "@pixi/graphics": "^5.0.0-rc.2",
                "@pixi/interaction": "^5.0.0-rc.2",
                "@pixi/loaders": "^5.0.0-rc.2",
                "@pixi/math": "^5.0.0-rc.2",
                "@pixi/mesh": "^5.0.0-rc.2",
                "@pixi/mesh-extras": "^5.0.0-rc.2",
                "@pixi/mixin-cache-as-bitmap": "^5.0.0-rc.2",
                "@pixi/mixin-get-child-by-name": "^5.0.0-rc.2",
                "@pixi/mixin-get-global-position": "^5.0.0-rc.2",
                "@pixi/particles": "^5.0.0-rc.2",
                "@pixi/prepare": "^5.0.0-rc.2",
                "@pixi/settings": "^5.0.0-rc.2",
                "@pixi/sprite": "^5.0.0-rc.2",
                "@pixi/sprite-animated": "^5.0.0-rc.2",
                "@pixi/sprite-tiling": "^5.0.0-rc.2",
                "@pixi/spritesheet": "^5.0.0-rc.2",
                "@pixi/text": "^5.0.0-rc.2",
                "@pixi/text-bitmap": "^5.0.0-rc.2",
                "@pixi/ticker": "^5.0.0-rc.2",
                "@pixi/utils": "^5.0.0-rc.2"
            }
        },
        "punycode": {
            "version": "1.3.2",
            "resolved": "https://registry.npmjs.org/punycode/-/punycode-1.3.2.tgz",
            "integrity": "sha1-llOgNvt8HuQjQvIyXM7v6jkmxI0="
        },
        "querystring": {
            "version": "0.2.0",
            "resolved": "https://registry.npmjs.org/querystring/-/querystring-0.2.0.tgz",
            "integrity": "sha1-sgmEkgO7Jd+CDadW50cAWHhSFiA="
        },
        "remove-array-items": {
            "version": "1.1.1",
            "resolved": "https://registry.npmjs.org/remove-array-items/-/remove-array-items-1.1.1.tgz",
            "integrity": "sha512-MXW/jtHyl5F1PZI7NbpS8SOtympdLuF20aoWJT5lELR1p/HJDd5nqW8Eu9uLh/hCRY3FgvrIT5AwDCgBODklcA=="
        },
        "resource-loader": {
            "version": "2.2.3",
            "resolved": "https://registry.npmjs.org/resource-loader/-/resource-loader-2.2.3.tgz",
            "integrity": "sha512-SsxilncV7gxwr12clSq0E2HZh8QjcosVVSEAnZ3VF9VtBNNtO3UFxxXT9pJgkVEJUHAlXg26MkkTOMjyz1kDdw==",
            "requires": {
                "mini-signals": "^1.1.1",
                "parse-uri": "^1.0.0"
            }
        },
        "url": {
            "version": "0.11.0",
            "resolved": "https://registry.npmjs.org/url/-/url-0.11.0.tgz",
            "integrity": "sha1-ODjpfPxgUh63PFJajlW/3Z4uKPE=",
            "requires": {
                "punycode": "1.3.2",
                "querystring": "0.2.0"
            }
        }
    }
}
